// !$*UTF8*$!
{
	archiveVersion = 1;
	classes = {
	};
	objectVersion = 77;
	objects = {

/* Begin PBXContainerItemProxy section */
		6809381A2E6D38BD005A6297 /* PBXContainerItemProxy */ = {
			isa = PBXContainerItemProxy;
			containerPortal = 680937FB2E6D38BC005A6297 /* Project object */;
			proxyType = 1;
			remoteGlobalIDString = 680938022E6D38BC005A6297;
			remoteInfo = "you are awesome";
		};
		680938242E6D38BD005A6297 /* PBXContainerItemProxy */ = {
			isa = PBXContainerItemProxy;
			containerPortal = 680937FB2E6D38BC005A6297 /* Project object */;
			proxyType = 1;
			remoteGlobalIDString = 680938022E6D38BC005A6297;
			remoteInfo = "you are awesome";
		};
/* End PBXContainerItemProxy section */

/* Begin PBXFileReference section */
		680938032E6D38BC005A6297 /* you are awesome.app */ = {isa = PBXFileReference; explicitFileType = wrapper.application; includeInIndex = 0; path = "you are awesome.app"; sourceTree = BUILT_PRODUCTS_DIR; };
		680938192E6D38BD005A6297 /* you are awesomeTests.xctest */ = {isa = PBXFileReference; explicitFileType = wrapper.cfbundle; includeInIndex = 0; path = "you are awesomeTests.xctest"; sourceTree = BUILT_PRODUCTS_DIR; };
		680938232E6D38BD005A6297 /* you are awesomeUITests.xctest */ = {isa = PBXFileReference; explicitFileType = wrapper.cfbundle; includeInIndex = 0; path = "you are awesomeUITests.xctest"; sourceTree = BUILT_PRODUCTS_DIR; };
/* End PBXFileReference section */

/* Begin PBXFileSystemSynchronizedBuildFileExceptionSet section */
		6809382B2E6D38BD005A6297 /* Exceptions for "you are awesome" folder in "you are awesome" target */ = {
			isa = PBXFileSystemSynchronizedBuildFileExceptionSet;
			membershipExceptions = (
				Info.plist,
			);
			target = 680938022E6D38BC005A6297 /* you are awesome */;
		};
/* End PBXFileSystemSynchronizedBuildFileExceptionSet section */

/* Begin PBXFileSystemSynchronizedRootGroup section */
		680938052E6D38BC005A6297 /* you are awesome */ = {
			isa = PBXFileSystemSynchronizedRootGroup;
			exceptions = (
				6809382B2E6D38BD005A6297 /* Exceptions for "you are awesome" folder in "you are awesome" target */,
			);
			path = "you are awesome";
			sourceTree = "<group>";
		};
		6809381C2E6D38BD005A6297 /* you are awesomeTests */ = {
			isa = PBXFileSystemSynchronizedRootGroup;
			path = "you are awesomeTests";
			sourceTree = "<group>";
		};
		680938262E6D38BD005A6297 /* you are awesomeUITests */ = {
			isa = PBXFileSystemSynchronizedRootGroup;
			path = "you are awesomeUITests";
			sourceTree = "<group>";
		};
/* End PBXFileSystemSynchronizedRootGroup section */

/* Begin PBXFrameworksBuildPhase section */
		680938002E6D38BC005A6297 /* Frameworks */ = {
			isa = PBXFrameworksBuildPhase;
			buildActionMask = 2147483647;
			files = (
			);
			runOnlyForDeploymentPostprocessing = 0;
		};
		680938162E6D38BD005A6297 /* Frameworks */ = {
			isa = PBXFrameworksBuildPhase;
			buildActionMask = 2147483647;
			files = (
			);
			runOnlyForDeploymentPostprocessing = 0;
		};
		680938202E6D38BD005A6297 /* Frameworks */ = {
			isa = PBXFrameworksBuildPhase;
			buildActionMask = 2147483647;
			files = (
			);
			runOnlyForDeploymentPostprocessing = 0;
		};
/* End PBXFrameworksBuildPhase section */

/* Begin PBXGroup section */
		680937FA2E6D38BC005A6297 = {
			isa = PBXGroup;
			children = (
				680938052E6D38BC005A6297 /* you are awesome */,
				6809381C2E6D38BD005A6297 /* you are awesomeTests */,
				680938262E6D38BD005A6297 /* you are awesomeUITests */,
				680938042E6D38BC005A6297 /* Products */,
			);
			sourceTree = "<group>";
		};
		680938042E6D38BC005A6297 /* Products */ = {
			isa = PBXGroup;
			children = (
				680938032E6D38BC005A6297 /* you are awesome.app */,
				680938192E6D38BD005A6297 /* you are awesomeTests.xctest */,
				680938232E6D38BD005A6297 /* you are awesomeUITests.xctest */,
			);
			name = Products;
			sourceTree = "<group>";
		};
/* End PBXGroup section */

/* Begin PBXNativeTarget section */
		680938022E6D38BC005A6297 /* you are awesome */ = {
			isa = PBXNativeTarget;
			buildConfigurationList = 6809382C2E6D38BD005A6297 /* Build configuration list for PBXNativeTarget "you are awesome" */;
			buildPhases = (
				680937FF2E6D38BC005A6297 /* Sources */,
				680938002E6D38BC005A6297 /* Frameworks */,
				680938012E6D38BC005A6297 /* Resources */,
			);
			buildRules = (
			);
			dependencies = (
			);
			fileSystemSynchronizedGroups = (
				680938052E6D38BC005A6297 /* you are awesome */,
			);
			name = "you are awesome";
			packageProductDependencies = (
			);
			productName = "you are awesome";
			productReference = 680938032E6D38BC005A6297 /* you are awesome.app */;
			productType = "com.apple.product-type.application";
		};
		680938182E6D38BD005A6297 /* you are awesomeTests */ = {
			isa = PBXNativeTarget;
			buildConfigurationList = 680938312E6D38BD005A6297 /* Build configuration list for PBXNativeTarget "you are awesomeTests" */;
			buildPhases = (
				680938152E6D38BD005A6297 /* Sources */,
				680938162E6D38BD005A6297 /* Frameworks */,
				680938172E6D38BD005A6297 /* Resources */,
			);
			buildRules = (
			);
			dependencies = (
				6809381B2E6D38BD005A6297 /* PBXTargetDependency */,
			);
			fileSystemSynchronizedGroups = (
				6809381C2E6D38BD005A6297 /* you are awesomeTests */,
			);
			name = "you are awesomeTests";
			packageProductDependencies = (
			);
			productName = "you are awesomeTests";
			productReference = 680938192E6D38BD005A6297 /* you are awesomeTests.xctest */;
			productType = "com.apple.product-type.bundle.unit-test";
		};
		680938222E6D38BD005A6297 /* you are awesomeUITests */ = {
			isa = PBXNativeTarget;
			buildConfigurationList = 680938342E6D38BD005A6297 /* Build configuration list for PBXNativeTarget "you are awesomeUITests" */;
			buildPhases = (
				6809381F2E6D38BD005A6297 /* Sources */,
				680938202E6D38BD005A6297 /* Frameworks */,
				680938212E6D38BD005A6297 /* Resources */,
			);
			buildRules = (
			);
			dependencies = (
				680938252E6D38BD005A6297 /* PBXTargetDependency */,
			);
			fileSystemSynchronizedGroups = (
				680938262E6D38BD005A6297 /* you are awesomeUITests */,
			);
			name = "you are awesomeUITests";
			packageProductDependencies = (
			);
			productName = "you are awesomeUITests";
			productReference = 680938232E6D38BD005A6297 /* you are awesomeUITests.xctest */;
			productType = "com.apple.product-type.bundle.ui-testing";
		};
/* End PBXNativeTarget section */

/* Begin PBXProject section */
		680937FB2E6D38BC005A6297 /* Project object */ = {
			isa = PBXProject;
			attributes = {
				BuildIndependentTargetsInParallel = 1;
				LastSwiftUpdateCheck = 1640;
				LastUpgradeCheck = 1640;
				TargetAttributes = {
					680938022E6D38BC005A6297 = {
						CreatedOnToolsVersion = 16.4;
					};
					680938182E6D38BD005A6297 = {
						CreatedOnToolsVersion = 16.4;
						TestTargetID = 680938022E6D38BC005A6297;
					};
					680938222E6D38BD005A6297 = {
						CreatedOnToolsVersion = 16.4;
						TestTargetID = 680938022E6D38BC005A6297;
					};
				};
			};
			buildConfigurationList = 680937FE2E6D38BC005A6297 /* Build configuration list for PBXProject "you are awesome" */;
			developmentRegion = en;
			hasScannedForEncodings = 0;
			knownRegions = (
				en,
				Base,
			);
			mainGroup = 680937FA2E6D38BC005A6297;
			minimizedProjectReferenceProxies = 1;
			preferredProjectObjectVersion = 77;
			productRefGroup = 680938042E6D38BC005A6297 /* Products */;
			projectDirPath = "";
			projectRoot = "";
			targets = (
				680938022E6D38BC005A6297 /* you are awesome */,
				680938182E6D38BD005A6297 /* you are awesomeTests */,
				680938222E6D38BD005A6297 /* you are awesomeUITests */,
			);
		};
/* End PBXProject section */

/* Begin PBXResourcesBuildPhase section */
		680938012E6D38BC005A6297 /* Resources */ = {
			isa = PBXResourcesBuildPhase;
			buildActionMask = 2147483647;
			files = (
			);
			runOnlyForDeploymentPostprocessing = 0;
		};
		680938172E6D38BD005A6297 /* Resources */ = {
			isa = PBXResourcesBuildPhase;
			buildActionMask = 2147483647;
			files = (
			);
			runOnlyForDeploymentPostprocessing = 0;
		};
		680938212E6D38BD005A6297 /* Resources */ = {
			isa = PBXResourcesBuildPhase;
			buildActionMask = 2147483647;
			files = (
			);
			runOnlyForDeploymentPostprocessing = 0;
		};
/* End PBXResourcesBuildPhase section */

/* Begin PBXSourcesBuildPhase section */
		680937FF2E6D38BC005A6297 /* Sources */ = {
			isa = PBXSourcesBuildPhase;
			buildActionMask = 2147483647;
			files = (
			);
			runOnlyForDeploymentPostprocessing = 0;
		};
		680938152E6D38BD005A6297 /* Sources */ = {
			isa = PBXSourcesBuildPhase;
			buildActionMask = 2147483647;
			files = (
			);
			runOnlyForDeploymentPostprocessing = 0;
		};
		6809381F2E6D38BD005A6297 /* Sources */ = {
			isa = PBXSourcesBuildPhase;
			buildActionMask = 2147483647;
			files = (
			);
			runOnlyForDeploymentPostprocessing = 0;
		};
/* End PBXSourcesBuildPhase section */

/* Begin PBXTargetDependency section */
		6809381B2E6D38BD005A6297 /* PBXTargetDependency */ = {
			isa = PBXTargetDependency;
			target = 680938022E6D38BC005A6297 /* you are awesome */;
			targetProxy = 6809381A2E6D38BD005A6297 /* PBXContainerItemProxy */;
		};
		680938252E6D38BD005A6297 /* PBXTargetDependency */ = {
			isa = PBXTargetDependency;
			target = 680938022E6D38BC005A6297 /* you are awesome */;
			targetProxy = 680938242E6D38BD005A6297 /* PBXContainerItemProxy */;
		};
/* End PBXTargetDependency section */

/* Begin XCBuildConfiguration section */
		6809382D2E6D38BD005A6297 /* Debug */ = {
			isa = XCBuildConfiguration;
			buildSettings = {
				ASSETCATALOG_COMPILER_APPICON_NAME = AppIcon;
				ASSETCATALOG_COMPILER_GLOBAL_ACCENT_COLOR_NAME = AccentColor;
				CODE_SIGN_STYLE = Automatic;
				CURRENT_PROJECT_VERSION = 1;
				GENERATE_INFOPLIST_FILE = YES;
				INFOPLIST_FILE = "you are awesome/Info.plist";
				INFOPLIST_KEY_UIApplicationSupportsIndirectInputEvents = YES;
				INFOPLIST_KEY_UILaunchStoryboardName = LaunchScreen;
				INFOPLIST_KEY_UIMainStoryboardFile = Main;
				INFOPLIST_KEY_UISupportedInterfaceOrientations_iPad = "UIInterfaceOrientationPortrait UIInterfaceOrientationPortraitUpsideDown UIInterfaceOrientationLandscapeLeft UIInterfaceOrientationLandscapeRight";
				INFOPLIST_KEY_UISupportedInterfaceOrientations_iPhone = "UIInterfaceOrientationPortrait UIInterfaceOrientationLandscapeLeft UIInterfaceOrientationLandscapeRight";
				LD_RUNPATH_SEARCH_PATHS = (
					"$(inherited)",
					"@executable_path/Frameworks",
				);
				MARKETING_VERSION = 1.0;
				PRODUCT_BUNDLE_IDENTIFIER = "RJ.you-are-awesome";
				PRODUCT_NAME = "$(TARGET_NAME)";
				SWIFT_EMIT_LOC_STRINGS = YES;
				SWIFT_VERSION = 5.0;
				TARGETED_DEVICE_FAMILY = "1,2";
			};
			name = Debug;
		};
		6809382E2E6D38BD005A6297 /* Release */ = {
			isa = XCBuildConfiguration;
			buildSettings = {
				ASSETCATALOG_COMPILER_APPICON_NAME = AppIcon;
				ASSETCATALOG_COMPILER_GLOBAL_ACCENT_COLOR_NAME = AccentColor;
				CODE_SIGN_STYLE = Automatic;
				CURRENT_PROJECT_VERSION = 1;
				GENERATE_INFOPLIST_FILE = YES;
				INFOPLIST_FILE = "you are awesome/Info.plist";
				INFOPLIST_KEY_UIApplicationSupportsIndirectInputEvents = YES;
				INFOPLIST_KEY_UILaunchStoryboardName = LaunchScreen;
				INFOPLIST_KEY_UIMainStoryboardFile = Main;
				INFOPLIST_KEY_UISupportedInterfaceOrientations_iPad = "UIInterfaceOrientationPortrait UIInterfaceOrientationPortraitUpsideDown UIInterfaceOrientationLandscapeLeft UIInterfaceOrientationLandscapeRight";
				INFOPLIST_KEY_UISupportedInterfaceOrientations_iPhone = "UIInterfaceOrientationPortrait UIInterfaceOrientationLandscapeLeft UIInterfaceOrientationLandscapeRight";
				LD_RUNPATH_SEARCH_PATHS = (
					"$(inherited)",
					"@executable_path/Frameworks",
				);
				MARKETING_VERSION = 1.0;
				PRODUCT_BUNDLE_IDENTIFIER = "RJ.you-are-awesome";
				PRODUCT_NAME = "$(TARGET_NAME)";
				SWIFT_EMIT_LOC_STRINGS = YES;
				SWIFT_VERSION = 5.0;
				TARGETED_DEVICE_FAMILY = "1,2";
			};
			name = Release;
		};
		6809382F2E6D38BD005A6297 /* Debug */ = {
			isa = XCBuildConfiguration;
			buildSettings = {
				ALWAYS_SEARCH_USER_PATHS = NO;
				ASSETCATALOG_COMPILER_GENERATE_SWIFT_ASSET_SYMBOL_EXTENSIONS = YES;
				CLANG_ANALYZER_NONNULL = YES;
				CLANG_ANALYZER_NUMBER_OBJECT_CONVERSION = YES_AGGRESSIVE;
				CLANG_CXX_LANGUAGE_STANDARD = "gnu++20";
				CLANG_ENABLE_MODULES = YES;
				CLANG_ENABLE_OBJC_ARC = YES;
				CLANG_ENABLE_OBJC_WEAK = YES;
				CLANG_WARN_BLOCK_CAPTURE_AUTORELEASING = YES;
				CLANG_WARN_BOOL_CONVERSION = YES;
				CLANG_WARN_COMMA = YES;
				CLANG_WARN_CONSTANT_CONVERSION = YES;
				CLANG_WARN_DEPRECATED_OBJC_IMPLEMENTATIONS = YES;
				CLANG_WARN_DIRECT_OBJC_ISA_USAGE = YES_ERROR;
				CLANG_WARN_DOCUMENTATION_COMMENTS = YES;
				CLANG_WARN_EMPTY_BODY = YES;
				CLANG_WARN_ENUM_CONVERSION = YES;
				CLANG_WARN_INFINITE_RECURSION = YES;
				CLANG_WARN_INT_CONVERSION = YES;
				CLANG_WARN_NON_LITERAL_NULL_CONVERSION = YES;
				CLANG_WARN_OBJC_IMPLICIT_RETAIN_SELF = YES;
				CLANG_WARN_OBJC_LITERAL_CONVERSION = YES;
				CLANG_WARN_OBJC_ROOT_CLASS = YES_ERROR;
				CLANG_WARN_QUOTED_INCLUDE_IN_FRAMEWORK_HEADER = YES;
				CLANG_WARN_RANGE_LOOP_ANALYSIS = YES;
				CLANG_WARN_STRICT_PROTOTYPES = YES;
				CLANG_WARN_SUSPICIOUS_MOVE = YES;
				CLANG_WARN_UNGUARDED_AVAILABILITY = YES_AGGRESSIVE;
				CLANG_WARN_UNREACHABLE_CODE = YES;
				CLANG_WARN__DUPLICATE_METHOD_MATCH = YES;
				COPY_PHASE_STRIP = NO;
				DEBUG_INFORMATION_FORMAT = dwarf;
				ENABLE_STRICT_OBJC_MSGSEND = YES;
				ENABLE_TESTABILITY = YES;
				ENABLE_USER_SCRIPT_SANDBOXING = YES;
				GCC_C_LANGUAGE_STANDARD = gnu17;
				GCC_DYNAMIC_NO_PIC = NO;
				GCC_NO_COMMON_BLOCKS = YES;
				GCC_OPTIMIZATION_LEVEL = 0;
				GCC_PREPROCESSOR_DEFINITIONS = (
					"DEBUG=1",
					"$(inherited)",
				);
				GCC_WARN_64_TO_32_BIT_CONVERSION = YES;
				GCC_WARN_ABOUT_RETURN_TYPE = YES_ERROR;
				GCC_WARN_UNDECLARED_SELECTOR = YES;
				GCC_WARN_UNINITIALIZED_AUTOS = YES_AGGRESSIVE;
				GCC_WARN_UNUSED_FUNCTION = YES;
				GCC_WARN_UNUSED_VARIABLE = YES;
				IPHONEOS_DEPLOYMENT_TARGET = 18.5;
				LOCALIZATION_PREFERS_STRING_CATALOGS = YES;
				MTL_ENABLE_DEBUG_INFO = INCLUDE_SOURCE;
				MTL_FAST_MATH = YES;
				ONLY_ACTIVE_ARCH = YES;
				SDKROOT = iphoneos;
				SWIFT_ACTIVE_COMPILATION_CONDITIONS = "DEBUG $(inherited)";
				SWIFT_OPTIMIZATION_LEVEL = "-Onone";
			};
			name = Debug;
		};
		680938302E6D38BD005A6297 /* Release */ = {
			isa = XCBuildConfiguration;
			buildSettings = {
				ALWAYS_SEARCH_USER_PATHS = NO;
				ASSETCATALOG_COMPILER_GENERATE_SWIFT_ASSET_SYMBOL_EXTENSIONS = YES;
				CLANG_ANALYZER_NONNULL = YES;
				CLANG_ANALYZER_NUMBER_OBJECT_CONVERSION = YES_AGGRESSIVE;
				CLANG_CXX_LANGUAGE_STANDARD = "gnu++20";
				CLANG_ENABLE_MODULES = YES;
				CLANG_ENABLE_OBJC_ARC = YES;
				CLANG_ENABLE_OBJC_WEAK = YES;
				CLANG_WARN_BLOCK_CAPTURE_AUTORELEASING = YES;
				CLANG_WARN_BOOL_CONVERSION = YES;
				CLANG_WARN_COMMA = YES;
				CLANG_WARN_CONSTANT_CONVERSION = YES;
				CLANG_WARN_DEPRECATED_OBJC_IMPLEMENTATIONS = YES;
				CLANG_WARN_DIRECT_OBJC_ISA_USAGE = YES_ERROR;
				CLANG_WARN_DOCUMENTATION_COMMENTS = YES;
				CLANG_WARN_EMPTY_BODY = YES;
				CLANG_WARN_ENUM_CONVERSION = YES;
				CLANG_WARN_INFINITE_RECURSION = YES;
				CLANG_WARN_INT_CONVERSION = YES;
				CLANG_WARN_NON_LITERAL_NULL_CONVERSION = YES;
				CLANG_WARN_OBJC_IMPLICIT_RETAIN_SELF = YES;
				CLANG_WARN_OBJC_LITERAL_CONVERSION = YES;
				CLANG_WARN_OBJC_ROOT_CLASS = YES_ERROR;
				CLANG_WARN_QUOTED_INCLUDE_IN_FRAMEWORK_HEADER = YES;
				CLANG_WARN_RANGE_LOOP_ANALYSIS = YES;
				CLANG_WARN_STRICT_PROTOTYPES = YES;
				CLANG_WARN_SUSPICIOUS_MOVE = YES;
				CLANG_WARN_UNGUARDED_AVAILABILITY = YES_AGGRESSIVE;
				CLANG_WARN_UNREACHABLE_CODE = YES;
				CLANG_WARN__DUPLICATE_METHOD_MATCH = YES;
				COPY_PHASE_STRIP = NO;
				DEBUG_INFORMATION_FORMAT = "dwarf-with-dsym";
				ENABLE_NS_ASSERTIONS = NO;
				ENABLE_STRICT_OBJC_MSGSEND = YES;
				ENABLE_USER_SCRIPT_SANDBOXING = YES;
				GCC_C_LANGUAGE_STANDARD = gnu17;
				GCC_NO_COMMON_BLOCKS = YES;
				GCC_WARN_64_TO_32_BIT_CONVERSION = YES;
				GCC_WARN_ABOUT_RETURN_TYPE = YES_ERROR;
				GCC_WARN_UNDECLARED_SELECTOR = YES;
				GCC_WARN_UNINITIALIZED_AUTOS = YES_AGGRESSIVE;
				GCC_WARN_UNUSED_FUNCTION = YES;
				GCC_WARN_UNUSED_VARIABLE = YES;
				IPHONEOS_DEPLOYMENT_TARGET = 18.5;
				LOCALIZATION_PREFERS_STRING_CATALOGS = YES;
				MTL_ENABLE_DEBUG_INFO = NO;
				MTL_FAST_MATH = YES;
				SDKROOT = iphoneos;
				SWIFT_COMPILATION_MODE = wholemodule;
				VALIDATE_PRODUCT = YES;
			};
			name = Release;
		};
		680938322E6D38BD005A6297 /* Debug */ = {
			isa = XCBuildConfiguration;
			buildSettings = {
				BUNDLE_LOADER = "$(TEST_HOST)";
				CODE_SIGN_STYLE = Automatic;
				CURRENT_PROJECT_VERSION = 1;
				GENERATE_INFOPLIST_FILE = YES;
				IPHONEOS_DEPLOYMENT_TARGET = 18.5;
				MARKETING_VERSION = 1.0;
				PRODUCT_BUNDLE_IDENTIFIER = "RJ.you-are-awesomeTests";
				PRODUCT_NAME = "$(TARGET_NAME)";
				SWIFT_EMIT_LOC_STRINGS = NO;
				SWIFT_VERSION = 5.0;
				TARGETED_DEVICE_FAMILY = "1,2";
				TEST_HOST = "$(BUILT_PRODUCTS_DIR)/you are awesome.app/$(BUNDLE_EXECUTABLE_FOLDER_PATH)/you are awesome";
			};
			name = Debug;
		};
		680938332E6D38BD005A6297 /* Release */ = {
			isa = XCBuildConfiguration;
			buildSettings = {
				BUNDLE_LOADER = "$(TEST_HOST)";
				CODE_SIGN_STYLE = Automatic;
				CURRENT_PROJECT_VERSION = 1;
				GENERATE_INFOPLIST_FILE = YES;
				IPHONEOS_DEPLOYMENT_TARGET = 18.5;
				MARKETING_VERSION = 1.0;
				PRODUCT_BUNDLE_IDENTIFIER = "RJ.you-are-awesomeTests";
				PRODUCT_NAME = "$(TARGET_NAME)";
				SWIFT_EMIT_LOC_STRINGS = NO;
				SWIFT_VERSION = 5.0;
				TARGETED_DEVICE_FAMILY = "1,2";
				TEST_HOST = "$(BUILT_PRODUCTS_DIR)/you are awesome.app/$(BUNDLE_EXECUTABLE_FOLDER_PATH)/you are awesome";
			};
			name = Release;
		};
		680938352E6D38BD005A6297 /* Debug */ = {
			isa = XCBuildConfiguration;
			buildSettings = {
				CODE_SIGN_STYLE = Automatic;
				CURRENT_PROJECT_VERSION = 1;
				GENERATE_INFOPLIST_FILE = YES;
				MARKETING_VERSION = 1.0;
				PRODUCT_BUNDLE_IDENTIFIER = "RJ.you-are-awesomeUITests";
				PRODUCT_NAME = "$(TARGET_NAME)";
				SWIFT_EMIT_LOC_STRINGS = NO;
				SWIFT_VERSION = 5.0;
				TARGETED_DEVICE_FAMILY = "1,2";
				TEST_TARGET_NAME = "you are awesome";
			};
			name = Debug;
		};
		680938362E6D38BD005A6297 /* Release */ = {
			isa = XCBuildConfiguration;
			buildSettings = {
				CODE_SIGN_STYLE = Automatic;
				CURRENT_PROJECT_VERSION = 1;
				GENERATE_INFOPLIST_FILE = YES;
				MARKETING_VERSION = 1.0;
				PRODUCT_BUNDLE_IDENTIFIER = "RJ.you-are-awesomeUITests";
				PRODUCT_NAME = "$(TARGET_NAME)";
				SWIFT_EMIT_LOC_STRINGS = NO;
				SWIFT_VERSION = 5.0;
				TARGETED_DEVICE_FAMILY = "1,2";
				TEST_TARGET_NAME = "you are awesome";
			};
			name = Release;
		};
/* End XCBuildConfiguration section */

/* Begin XCConfigurationList section */
		680937FE2E6D38BC005A6297 /* Build configuration list for PBXProject "you are awesome" */ = {
			isa = XCConfigurationList;
			buildConfigurations = (
				6809382F2E6D38BD005A6297 /* Debug */,
				680938302E6D38BD005A6297 /* Release */,
			);
			defaultConfigurationIsVisible = 0;
			defaultConfigurationName = Release;
		};
		6809382C2E6D38BD005A6297 /* Build configuration list for PBXNativeTarget "you are awesome" */ = {
			isa = XCConfigurationList;
			buildConfigurations = (
				6809382D2E6D38BD005A6297 /* Debug */,
				6809382E2E6D38BD005A6297 /* Release */,
			);
			defaultConfigurationIsVisible = 0;
			defaultConfigurationName = Release;
		};
		680938312E6D38BD005A6297 /* Build configuration list for PBXNativeTarget "you are awesomeTests" */ = {
			isa = XCConfigurationList;
			buildConfigurations = (
				680938322E6D38BD005A6297 /* Debug */,
				680938332E6D38BD005A6297 /* Release */,
			);
			defaultConfigurationIsVisible = 0;
			defaultConfigurationName = Release;
		};
		680938342E6D38BD005A6297 /* Build configuration list for PBXNativeTarget "you are awesomeUITests" */ = {
			isa = XCConfigurationList;
			buildConfigurations = (
				680938352E6D38BD005A6297 /* Debug */,
				680938362E6D38BD005A6297 /* Release */,
			);
			defaultConfigurationIsVisible = 0;
			defaultConfigurationName = Release;
		};
/* End XCConfigurationList section */
	};
	rootObject = 680937FB2E6D38BC005A6297 /* Project object */;
}
